// !$*UTF8*$!
{
	archiveVersion = 1;
	classes = {
	};
	objectVersion = 46;
	objects = {

/* Begin PBXBuildFile section */
		443A5E6A1AC451540057623F /* ElementsViewController.m in Sources */ = {isa = PBXBuildFile; fileRef = 443A5E681AC451540057623F /* ElementsViewController.m */; };
		443A5E6B1AC451540057623F /* ElementsViewController.xib in Resources */ = {isa = PBXBuildFile; fileRef = 443A5E691AC451540057623F /* ElementsViewController.xib */; };
		443A5E721AC451700057623F /* hashtag.png in Resources */ = {isa = PBXBuildFile; fileRef = 443A5E6C1AC451700057623F /* hashtag.png */; };
		443A5E731AC451700057623F /* hashtag2.png in Resources */ = {isa = PBXBuildFile; fileRef = 443A5E6D1AC451700057623F /* hashtag2.png */; };
		443A5E741AC451700057623F /* imageO.png in Resources */ = {isa = PBXBuildFile; fileRef = 443A5E6E1AC451700057623F /* imageO.png */; };
		443A5E751AC451700057623F /* imageO2.png in Resources */ = {isa = PBXBuildFile; fileRef = 443A5E6F1AC451700057623F /* imageO2.png */; };
		443A5E761AC451700057623F /* imageX.png in Resources */ = {isa = PBXBuildFile; fileRef = 443A5E701AC451700057623F /* imageX.png */; };
		443A5E771AC451700057623F /* imageX2.png in Resources */ = {isa = PBXBuildFile; fileRef = 443A5E711AC451700057623F /* imageX2.png */; };
		443A5E7A1AC451CA0057623F /* ElementsView.m in Sources */ = {isa = PBXBuildFile; fileRef = 443A5E791AC451CA0057623F /* ElementsView.m */; };
		443A5E7C1AC452C20057623F /* empty.png in Resources */ = {isa = PBXBuildFile; fileRef = 443A5E7B1AC452C20057623F /* empty.png */; };
		44D24DD11AC44FEF00F5C894 /* main.m in Sources */ = {isa = PBXBuildFile; fileRef = 44D24DD01AC44FEF00F5C894 /* main.m */; };
		44D24DD41AC44FEF00F5C894 /* AppDelegate.m in Sources */ = {isa = PBXBuildFile; fileRef = 44D24DD31AC44FEF00F5C894 /* AppDelegate.m */; };
		44D24DD61AC44FEF00F5C894 /* Images.xcassets in Resources */ = {isa = PBXBuildFile; fileRef = 44D24DD51AC44FEF00F5C894 /* Images.xcassets */; };
		44D24DD91AC44FEF00F5C894 /* LaunchScreen.xib in Resources */ = {isa = PBXBuildFile; fileRef = 44D24DD71AC44FEF00F5C894 /* LaunchScreen.xib */; };
		44D24DE51AC44FEF00F5C894 /* JogoVelhaTests.m in Sources */ = {isa = PBXBuildFile; fileRef = 44D24DE41AC44FEF00F5C894 /* JogoVelhaTests.m */; };
/* End PBXBuildFile section */

/* Begin PBXContainerItemProxy section */
		44D24DDF1AC44FEF00F5C894 /* PBXContainerItemProxy */ = {
			isa = PBXContainerItemProxy;
			containerPortal = 44D24DC31AC44FEF00F5C894 /* Project object */;
			proxyType = 1;
			remoteGlobalIDString = 44D24DCA1AC44FEF00F5C894;
			remoteInfo = JogoVelha;
		};
/* End PBXContainerItemProxy section */

/* Begin PBXFileReference section */
		443A5E671AC451540057623F /* ElementsViewController.h */ = {isa = PBXFileReference; fileEncoding = 4; lastKnownFileType = sourcecode.c.h; path = ElementsViewController.h; sourceTree = "<group>"; };
		443A5E681AC451540057623F /* ElementsViewController.m */ = {isa = PBXFileReference; fileEncoding = 4; lastKnownFileType = sourcecode.c.objc; path = ElementsViewController.m; sourceTree = "<group>"; };
		443A5E691AC451540057623F /* ElementsViewController.xib */ = {isa = PBXFileReference; fileEncoding = 4; lastKnownFileType = file.xib; path = ElementsViewController.xib; sourceTree = "<group>"; };
		443A5E6C1AC451700057623F /* hashtag.png */ = {isa = PBXFileReference; lastKnownFileType = image.png; path = hashtag.png; sourceTree = "<group>"; };
		443A5E6D1AC451700057623F /* hashtag2.png */ = {isa = PBXFileReference; lastKnownFileType = image.png; path = hashtag2.png; sourceTree = "<group>"; };
		443A5E6E1AC451700057623F /* imageO.png */ = {isa = PBXFileReference; lastKnownFileType = image.png; path = imageO.png; sourceTree = "<group>"; };
		443A5E6F1AC451700057623F /* imageO2.png */ = {isa = PBXFileReference; lastKnownFileType = image.png; path = imageO2.png; sourceTree = "<group>"; };
		443A5E701AC451700057623F /* imageX.png */ = {isa = PBXFileReference; lastKnownFileType = image.png; path = imageX.png; sourceTree = "<group>"; };
		443A5E711AC451700057623F /* imageX2.png */ = {isa = PBXFileReference; lastKnownFileType = image.png; path = imageX2.png; sourceTree = "<group>"; };
		443A5E781AC451CA0057623F /* ElementsView.h */ = {isa = PBXFileReference; fileEncoding = 4; lastKnownFileType = sourcecode.c.h; path = ElementsView.h; sourceTree = "<group>"; };
		443A5E791AC451CA0057623F /* ElementsView.m */ = {isa = PBXFileReference; fileEncoding = 4; lastKnownFileType = sourcecode.c.objc; path = ElementsView.m; sourceTree = "<group>"; };
		443A5E7B1AC452C20057623F /* empty.png */ = {isa = PBXFileReference; lastKnownFileType = image.png; path = empty.png; sourceTree = "<group>"; };
		44D24DCB1AC44FEF00F5C894 /* JogoVelha.app */ = {isa = PBXFileReference; explicitFileType = wrapper.application; includeInIndex = 0; path = JogoVelha.app; sourceTree = BUILT_PRODUCTS_DIR; };
		44D24DCF1AC44FEF00F5C894 /* Info.plist */ = {isa = PBXFileReference; lastKnownFileType = text.plist.xml; path = Info.plist; sourceTree = "<group>"; };
		44D24DD01AC44FEF00F5C894 /* main.m */ = {isa = PBXFileReference; lastKnownFileType = sourcecode.c.objc; path = main.m; sourceTree = "<group>"; };
		44D24DD21AC44FEF00F5C894 /* AppDelegate.h */ = {isa = PBXFileReference; lastKnownFileType = sourcecode.c.h; path = AppDelegate.h; sourceTree = "<group>"; };
		44D24DD31AC44FEF00F5C894 /* AppDelegate.m */ = {isa = PBXFileReference; lastKnownFileType = sourcecode.c.objc; path = AppDelegate.m; sourceTree = "<group>"; };
		44D24DD51AC44FEF00F5C894 /* Images.xcassets */ = {isa = PBXFileReference; lastKnownFileType = folder.assetcatalog; path = Images.xcassets; sourceTree = "<group>"; };
		44D24DD81AC44FEF00F5C894 /* Base */ = {isa = PBXFileReference; lastKnownFileType = file.xib; name = Base; path = Base.lproj/LaunchScreen.xib; sourceTree = "<group>"; };
		44D24DDE1AC44FEF00F5C894 /* JogoVelhaTests.xctest */ = {isa = PBXFileReference; explicitFileType = wrapper.cfbundle; includeInIndex = 0; path = JogoVelhaTests.xctest; sourceTree = BUILT_PRODUCTS_DIR; };
		44D24DE31AC44FEF00F5C894 /* Info.plist */ = {isa = PBXFileReference; lastKnownFileType = text.plist.xml; path = Info.plist; sourceTree = "<group>"; };
		44D24DE41AC44FEF00F5C894 /* JogoVelhaTests.m */ = {isa = PBXFileReference; lastKnownFileType = sourcecode.c.objc; path = JogoVelhaTests.m; sourceTree = "<group>"; };
/* End PBXFileReference section */

/* Begin PBXFrameworksBuildPhase section */
		44D24DC81AC44FEF00F5C894 /* Frameworks */ = {
			isa = PBXFrameworksBuildPhase;
			buildActionMask = 2147483647;
			files = (
			);
			runOnlyForDeploymentPostprocessing = 0;
		};
		44D24DDB1AC44FEF00F5C894 /* Frameworks */ = {
			isa = PBXFrameworksBuildPhase;
			buildActionMask = 2147483647;
			files = (
			);
			runOnlyForDeploymentPostprocessing = 0;
		};
/* End PBXFrameworksBuildPhase section */

/* Begin PBXGroup section */
		44D24DC21AC44FEF00F5C894 = {
			isa = PBXGroup;
			children = (
				443A5E781AC451CA0057623F /* ElementsView.h */,
				443A5E791AC451CA0057623F /* ElementsView.m */,
				44D24DCD1AC44FEF00F5C894 /* JogoVelha */,
				44D24DE11AC44FEF00F5C894 /* JogoVelhaTests */,
				44D24DCC1AC44FEF00F5C894 /* Products */,
			);
			sourceTree = "<group>";
		};
		44D24DCC1AC44FEF00F5C894 /* Products */ = {
			isa = PBXGroup;
			children = (
				44D24DCB1AC44FEF00F5C894 /* JogoVelha.app */,
				44D24DDE1AC44FEF00F5C894 /* JogoVelhaTests.xctest */,
			);
			name = Products;
			sourceTree = "<group>";
		};
		44D24DCD1AC44FEF00F5C894 /* JogoVelha */ = {
			isa = PBXGroup;
			children = (
				443A5E7B1AC452C20057623F /* empty.png */,
				443A5E6C1AC451700057623F /* hashtag.png */,
				443A5E6D1AC451700057623F /* hashtag2.png */,
				443A5E6E1AC451700057623F /* imageO.png */,
				443A5E6F1AC451700057623F /* imageO2.png */,
				443A5E701AC451700057623F /* imageX.png */,
				443A5E711AC451700057623F /* imageX2.png */,
				443A5E671AC451540057623F /* ElementsViewController.h */,
				443A5E681AC451540057623F /* ElementsViewController.m */,
				443A5E691AC451540057623F /* ElementsViewController.xib */,
				44D24DD21AC44FEF00F5C894 /* AppDelegate.h */,
				44D24DD31AC44FEF00F5C894 /* AppDelegate.m */,
				44D24DD51AC44FEF00F5C894 /* Images.xcassets */,
				44D24DD71AC44FEF00F5C894 /* LaunchScreen.xib */,
				44D24DCE1AC44FEF00F5C894 /* Supporting Files */,
			);
			path = JogoVelha;
			sourceTree = "<group>";
		};
		44D24DCE1AC44FEF00F5C894 /* Supporting Files */ = {
			isa = PBXGroup;
			children = (
				44D24DCF1AC44FEF00F5C894 /* Info.plist */,
				44D24DD01AC44FEF00F5C894 /* main.m */,
			);
			name = "Supporting Files";
			sourceTree = "<group>";
		};
		44D24DE11AC44FEF00F5C894 /* JogoVelhaTests */ = {
			isa = PBXGroup;
			children = (
				44D24DE41AC44FEF00F5C894 /* JogoVelhaTests.m */,
				44D24DE21AC44FEF00F5C894 /* Supporting Files */,
			);
			path = JogoVelhaTests;
			sourceTree = "<group>";
		};
		44D24DE21AC44FEF00F5C894 /* Supporting Files */ = {
			isa = PBXGroup;
			children = (
				44D24DE31AC44FEF00F5C894 /* Info.plist */,
			);
			name = "Supporting Files";
			sourceTree = "<group>";
		};
/* End PBXGroup section */

/* Begin PBXNativeTarget section */
		44D24DCA1AC44FEF00F5C894 /* JogoVelha */ = {
			isa = PBXNativeTarget;
			buildConfigurationList = 44D24DE81AC44FEF00F5C894 /* Build configuration list for PBXNativeTarget "JogoVelha" */;
			buildPhases = (
				44D24DC71AC44FEF00F5C894 /* Sources */,
				44D24DC81AC44FEF00F5C894 /* Frameworks */,
				44D24DC91AC44FEF00F5C894 /* Resources */,
			);
			buildRules = (
			);
			dependencies = (
			);
			name = JogoVelha;
			productName = JogoVelha;
			productReference = 44D24DCB1AC44FEF00F5C894 /* JogoVelha.app */;
			productType = "com.apple.product-type.application";
		};
		44D24DDD1AC44FEF00F5C894 /* JogoVelhaTests */ = {
			isa = PBXNativeTarget;
			buildConfigurationList = 44D24DEB1AC44FEF00F5C894 /* Build configuration list for PBXNativeTarget "JogoVelhaTests" */;
			buildPhases = (
				44D24DDA1AC44FEF00F5C894 /* Sources */,
				44D24DDB1AC44FEF00F5C894 /* Frameworks */,
				44D24DDC1AC44FEF00F5C894 /* Resources */,
			);
			buildRules = (
			);
			dependencies = (
				44D24DE01AC44FEF00F5C894 /* PBXTargetDependency */,
			);
			name = JogoVelhaTests;
			productName = JogoVelhaTests;
			productReference = 44D24DDE1AC44FEF00F5C894 /* JogoVelhaTests.xctest */;
			productType = "com.apple.product-type.bundle.unit-test";
		};
/* End PBXNativeTarget section */

/* Begin PBXProject section */
		44D24DC31AC44FEF00F5C894 /* Project object */ = {
			isa = PBXProject;
			attributes = {
				LastUpgradeCheck = 0620;
				ORGANIZATIONNAME = Senac;
				TargetAttributes = {
					44D24DCA1AC44FEF00F5C894 = {
						CreatedOnToolsVersion = 6.2;
					};
					44D24DDD1AC44FEF00F5C894 = {
						CreatedOnToolsVersion = 6.2;
						TestTargetID = 44D24DCA1AC44FEF00F5C894;
					};
				};
			};
			buildConfigurationList = 44D24DC61AC44FEF00F5C894 /* Build configuration list for PBXProject "JogoVelha" */;
			compatibilityVersion = "Xcode 3.2";
			developmentRegion = English;
			hasScannedForEncodings = 0;
			knownRegions = (
				en,
				Base,
			);
			mainGroup = 44D24DC21AC44FEF00F5C894;
			productRefGroup = 44D24DCC1AC44FEF00F5C894 /* Products */;
			projectDirPath = "";
			projectRoot = "";
			targets = (
				44D24DCA1AC44FEF00F5C894 /* JogoVelha */,
				44D24DDD1AC44FEF00F5C894 /* JogoVelhaTests */,
			);
		};
/* End PBXProject section */

/* Begin PBXResourcesBuildPhase section */
		44D24DC91AC44FEF00F5C894 /* Resources */ = {
			isa = PBXResourcesBuildPhase;
			buildActionMask = 2147483647;
			files = (
				443A5E761AC451700057623F /* imageX.png in Resources */,
				443A5E751AC451700057623F /* imageO2.png in Resources */,
				443A5E731AC451700057623F /* hashtag2.png in Resources */,
				44D24DD91AC44FEF00F5C894 /* LaunchScreen.xib in Resources */,
				443A5E6B1AC451540057623F /* ElementsViewController.xib in Resources */,
				443A5E741AC451700057623F /* imageO.png in Resources */,
				443A5E721AC451700057623F /* hashtag.png in Resources */,
				443A5E7C1AC452C20057623F /* empty.png in Resources */,
				44D24DD61AC44FEF00F5C894 /* Images.xcassets in Resources */,
				443A5E771AC451700057623F /* imageX2.png in Resources */,
			);
			runOnlyForDeploymentPostprocessing = 0;
		};
		44D24DDC1AC44FEF00F5C894 /* Resources */ = {
			isa = PBXResourcesBuildPhase;
			buildActionMask = 2147483647;
			files = (
			);
			runOnlyForDeploymentPostprocessing = 0;
		};
/* End PBXResourcesBuildPhase section */

/* Begin PBXSourcesBuildPhase section */
		44D24DC71AC44FEF00F5C894 /* Sources */ = {
			isa = PBXSourcesBuildPhase;
			buildActionMask = 2147483647;
			files = (
				44D24DD41AC44FEF00F5C894 /* AppDelegate.m in Sources */,
				443A5E7A1AC451CA0057623F /* ElementsView.m in Sources */,
				44D24DD11AC44FEF00F5C894 /* main.m in Sources */,
				443A5E6A1AC451540057623F /* ElementsViewController.m in Sources */,
			);
			runOnlyForDeploymentPostprocessing = 0;
		};
		44D24DDA1AC44FEF00F5C894 /* Sources */ = {
			isa = PBXSourcesBuildPhase;
			buildActionMask = 2147483647;
			files = (
				44D24DE51AC44FEF00F5C894 /* JogoVelhaTests.m in Sources */,
			);
			runOnlyForDeploymentPostprocessing = 0;
		};
/* End PBXSourcesBuildPhase section */

/* Begin PBXTargetDependency section */
		44D24DE01AC44FEF00F5C894 /* PBXTargetDependency */ = {
			isa = PBXTargetDependency;
			target = 44D24DCA1AC44FEF00F5C894 /* JogoVelha */;
			targetProxy = 44D24DDF1AC44FEF00F5C894 /* PBXContainerItemProxy */;
		};
/* End PBXTargetDependency section */

/* Begin PBXVariantGroup section */
		44D24DD71AC44FEF00F5C894 /* LaunchScreen.xib */ = {
			isa = PBXVariantGroup;
			children = (
				44D24DD81AC44FEF00F5C894 /* Base */,
			);
			name = LaunchScreen.xib;
			sourceTree = "<group>";
		};
/* End PBXVariantGroup section */

/* Begin XCBuildConfiguration section */
		44D24DE61AC44FEF00F5C894 /* Debug */ = {
			isa = XCBuildConfiguration;
			buildSettings = {
				ALWAYS_SEARCH_USER_PATHS = NO;
				CLANG_CXX_LANGUAGE_STANDARD = "gnu++0x";
				CLANG_CXX_LIBRARY = "libc++";
				CLANG_ENABLE_MODULES = YES;
				CLANG_ENABLE_OBJC_ARC = YES;
				CLANG_WARN_BOOL_CONVERSION = YES;
				CLANG_WARN_CONSTANT_CONVERSION = YES;
				CLANG_WARN_DIRECT_OBJC_ISA_USAGE = YES_ERROR;
				CLANG_WARN_EMPTY_BODY = YES;
				CLANG_WARN_ENUM_CONVERSION = YES;
				CLANG_WARN_INT_CONVERSION = YES;
				CLANG_WARN_OBJC_ROOT_CLASS = YES_ERROR;
				CLANG_WARN_UNREACHABLE_CODE = YES;
				CLANG_WARN__DUPLICATE_METHOD_MATCH = YES;
				"CODE_SIGN_IDENTITY[sdk=iphoneos*]" = "iPhone Developer";
				COPY_PHASE_STRIP = NO;
				ENABLE_STRICT_OBJC_MSGSEND = YES;
				GCC_C_LANGUAGE_STANDARD = gnu99;
				GCC_DYNAMIC_NO_PIC = NO;
				GCC_OPTIMIZATION_LEVEL = 0;
				GCC_PREPROCESSOR_DEFINITIONS = (
					"DEBUG=1",
					"$(inherited)",
				);
				GCC_SYMBOLS_PRIVATE_EXTERN = NO;
				GCC_WARN_64_TO_32_BIT_CONVERSION = YES;
				GCC_WARN_ABOUT_RETURN_TYPE = YES_ERROR;
				GCC_WARN_UNDECLARED_SELECTOR = YES;
				GCC_WARN_UNINITIALIZED_AUTOS = YES_AGGRESSIVE;
				GCC_WARN_UNUSED_FUNCTION = YES;
				GCC_WARN_UNUSED_VARIABLE = YES;
				IPHONEOS_DEPLOYMENT_TARGET = 8.2;
				MTL_ENABLE_DEBUG_INFO = YES;
				ONLY_ACTIVE_ARCH = YES;
				SDKROOT = iphoneos;
			};
			name = Debug;
		};
		44D24DE71AC44FEF00F5C894 /* Release */ = {
			isa = XCBuildConfiguration;
			buildSettings = {
				ALWAYS_SEARCH_USER_PATHS = NO;
				CLANG_CXX_LANGUAGE_STANDARD = "gnu++0x";
				CLANG_CXX_LIBRARY = "libc++";
				CLANG_ENABLE_MODULES = YES;
				CLANG_ENABLE_OBJC_ARC = YES;
				CLANG_WARN_BOOL_CONVERSION = YES;
				CLANG_WARN_CONSTANT_CONVERSION = YES;
				CLANG_WARN_DIRECT_OBJC_ISA_USAGE = YES_ERROR;
				CLANG_WARN_EMPTY_BODY = YES;
				CLANG_WARN_ENUM_CONVERSION = YES;
				CLANG_WARN_INT_CONVERSION = YES;
				CLANG_WARN_OBJC_ROOT_CLASS = YES_ERROR;
				CLANG_WARN_UNREACHABLE_CODE = YES;
				CLANG_WARN__DUPLICATE_METHOD_MATCH = YES;
				"CODE_SIGN_IDENTITY[sdk=iphoneos*]" = "iPhone Developer";
				COPY_PHASE_STRIP = NO;
				ENABLE_NS_ASSERTIONS = NO;
				ENABLE_STRICT_OBJC_MSGSEND = YES;
				GCC_C_LANGUAGE_STANDARD = gnu99;
				GCC_WARN_64_TO_32_BIT_CONVERSION = YES;
				GCC_WARN_ABOUT_RETURN_TYPE = YES_ERROR;
				GCC_WARN_UNDECLARED_SELECTOR = YES;
				GCC_WARN_UNINITIALIZED_AUTOS = YES_AGGRESSIVE;
				GCC_WARN_UNUSED_FUNCTION = YES;
				GCC_WARN_UNUSED_VARIABLE = YES;
				IPHONEOS_DEPLOYMENT_TARGET = 8.2;
				MTL_ENABLE_DEBUG_INFO = NO;
				SDKROOT = iphoneos;
				VALIDATE_PRODUCT = YES;
			};
			name = Release;
		};
		44D24DE91AC44FEF00F5C894 /* Debug */ = {
			isa = XCBuildConfiguration;
			buildSettings = {
				ASSETCATALOG_COMPILER_APPICON_NAME = AppIcon;
				INFOPLIST_FILE = JogoVelha/Info.plist;
				LD_RUNPATH_SEARCH_PATHS = "$(inherited) @executable_path/Frameworks";
				PRODUCT_NAME = "$(TARGET_NAME)";
			};
			name = Debug;
		};
		44D24DEA1AC44FEF00F5C894 /* Release */ = {
			isa = XCBuildConfiguration;
			buildSettings = {
				ASSETCATALOG_COMPILER_APPICON_NAME = AppIcon;
				INFOPLIST_FILE = JogoVelha/Info.plist;
				LD_RUNPATH_SEARCH_PATHS = "$(inherited) @executable_path/Frameworks";
				PRODUCT_NAME = "$(TARGET_NAME)";
			};
			name = Release;
		};
		44D24DEC1AC44FEF00F5C894 /* Debug */ = {
			isa = XCBuildConfiguration;
			buildSettings = {
				BUNDLE_LOADER = "$(TEST_HOST)";
				FRAMEWORK_SEARCH_PATHS = (
					"$(SDKROOT)/Developer/Library/Frameworks",
					"$(inherited)",
				);
				GCC_PREPROCESSOR_DEFINITIONS = (
					"DEBUG=1",
					"$(inherited)",
				);
				INFOPLIST_FILE = JogoVelhaTests/Info.plist;
				LD_RUNPATH_SEARCH_PATHS = "$(inherited) @executable_path/Frameworks @loader_path/Frameworks";
				PRODUCT_NAME = "$(TARGET_NAME)";
				TEST_HOST = "$(BUILT_PRODUCTS_DIR)/JogoVelha.app/JogoVelha";
			};
			name = Debug;
		};
		44D24DED1AC44FEF00F5C894 /* Release */ = {
			isa = XCBuildConfiguration;
			buildSettings = {
				BUNDLE_LOADER = "$(TEST_HOST)";
				FRAMEWORK_SEARCH_PATHS = (
					"$(SDKROOT)/Developer/Library/Frameworks",
					"$(inherited)",
				);
				INFOPLIST_FILE = JogoVelhaTests/Info.plist;
				LD_RUNPATH_SEARCH_PATHS = "$(inherited) @executable_path/Frameworks @loader_path/Frameworks";
				PRODUCT_NAME = "$(TARGET_NAME)";
				TEST_HOST = "$(BUILT_PRODUCTS_DIR)/JogoVelha.app/JogoVelha";
			};
			name = Release;
		};
/* End XCBuildConfiguration section */

/* Begin XCConfigurationList section */
		44D24DC61AC44FEF00F5C894 /* Build configuration list for PBXProject "JogoVelha" */ = {
			isa = XCConfigurationList;
			buildConfigurations = (
				44D24DE61AC44FEF00F5C894 /* Debug */,
				44D24DE71AC44FEF00F5C894 /* Release */,
			);
			defaultConfigurationIsVisible = 0;
			defaultConfigurationName = Release;
		};
		44D24DE81AC44FEF00F5C894 /* Build configuration list for PBXNativeTarget "JogoVelha" */ = {
			isa = XCConfigurationList;
			buildConfigurations = (
				44D24DE91AC44FEF00F5C894 /* Debug */,
				44D24DEA1AC44FEF00F5C894 /* Release */,
			);
			defaultConfigurationIsVisible = 0;
			defaultConfigurationName = Release;
		};
		44D24DEB1AC44FEF00F5C894 /* Build configuration list for PBXNativeTarget "JogoVelhaTests" */ = {
			isa = XCConfigurationList;
			buildConfigurations = (
				44D24DEC1AC44FEF00F5C894 /* Debug */,
				44D24DED1AC44FEF00F5C894 /* Release */,
			);
			defaultConfigurationIsVisible = 0;
			defaultConfigurationName = Release;
		};
/* End XCConfigurationList section */
	};
	rootObject = 44D24DC31AC44FEF00F5C894 /* Project object */;
}
